#
# This file is autogenerated by pip-compile with Python 3.12
# by the following command:
#
#    pip-compile --allow-unsafe --generate-hashes --no-emit-index-url --output-file=scripts/requirements-tools.lock --strip-extras scripts/requirements-tools.txt
#
build==1.6.0 \
    --hash=sha256:bd2c8afc603e7a2e0ce70e2ea85f0a6d02043bafbd307f5bada0f98669eca5af \
    --hash=sha256:f7aaf1ebbb79178a02ba248bb524f2176b256017e17e8e4bd4289c7b38cc2bad
    # via pip-tools
click==8.5.0 \
    --hash=sha256:255bc9599cf7748b4b1a446ccc735421bd08a2ae529a8b88597d3de5664ee360 \
    --hash=sha256:ba0d2089de75ea0310e2dde03160e6ca10009947fb95a182f9b54021bb272e34
    # via pip-tools
colorama==0.4.6 \
    --hash=sha256:08695f5cb7ed6e0531a20572697297273c47b8cae5a63ffc6d6ed5c201be6e44 \
    --hash=sha256:4f1d9991f5acc0ca119f9d443620b77f9d6b33703e51011c16baf57afb285fc6
    # via build
packaging==26.3 \
    --hash=sha256:94edc256424af38762eb31306eed28beb9f0efc50a8837492c9d6fd6004aed79 \
    --hash=sha256:d7193f7c8e4e93f444fde0262bf90af30e16fa0ad0ad44cb553c87339b23cd1c
    # via
    #   build
    #   wheel
pip-tools==7.6.1 \
    --hash=sha256:6111c8b4b07fd14b7223ca921485b0e96cf66e20bf94da95eeed9845f510cb8f \
    --hash=sha256:695556edeb647eb94ee8345cc7108657fdb7fb16b3876623a399b4f61bbede01
    # via -r scripts/requirements-tools.txt
pyproject-hooks==1.2.0 \
    --hash=sha256:1e859bd5c40fae9448642dd871adf459e5e2084186e8d2c2a79a824c970da1f8 \
    --hash=sha256:9e5c6bfa8dcc30091c74b0cf803c81fdd29d94f01992a7707bc97babb1141913
    # via
    #   build
    #   pip-tools
ruff==0.16.2 \
    --hash=sha256:20e66910f2c37cc753f9ef6580c914a621b80c4fa3549d3e3521e29d0f5bfc3f \
    --hash=sha256:335c621622c4650330be50842561c6586ac6971bb8ab5407fe34dcc9efb16bbe \
    --hash=sha256:3c8de4cf2181f01d57946d87d777aa52916976fc09942aed89938fab5e013318 \
    --hash=sha256:40ea8c0594feb894e89c8c61ab9c103d38b0ea72dfde6c594107147ca31b1140 \
    --hash=sha256:4ce4e02bad779bef557f541a1b31f20d6abeae1cc05ed1b1ac019d4ffd1044c8 \
    --hash=sha256:81806b08329130005dd4a8a8394a0c9da8c6f4cafb16ba438d2a2ee6a18bedf1 \
    --hash=sha256:9a48cc05c6fbc811ca81b5d7ba95375affea6582d1b8024e455e41afbbf55344 \
    --hash=sha256:a2c0d14fcbb26c91f0f867a6dc9bd71bbc30b1b6151829c884f23faeab2e5700 \
    --hash=sha256:ab3d62dde0b19facdd632008cc4827fc28ada7736c6bd35ab6f1050f0bfed53f \
    --hash=sha256:bcabe2f6d0fc7819f1431793005af4e4de7371927d037345bf941252b195b9fa \
    --hash=sha256:bf3a63d78fb39f4bf5ac8ae52051c5520505301abe19ba4e204c453b3f09bb0b \
    --hash=sha256:c24788a980581e1d7ea3a0cbe4344c4fbeb0a6a9b1f4713aa46bb104f8294690 \
    --hash=sha256:c3d7828d12e8927a6fc65fe38e2c2541b9e762d360a1786d752cb1b8883b3c9c \
    --hash=sha256:c7e36fbfba65510548156902bcf1350a979a958ce0347ce0f90d73894036b39f \
    --hash=sha256:d614e95cedf38a2053fd351c55b103ba30d017d61688fdbfd40ee0412852a99f \
    --hash=sha256:e0422abdf70070255fc4073ce9dfc814cc03db577013761ddd09bc1e4a9a4fbd \
    --hash=sha256:e43e1f5b8388da9eca1b9e88328d47a5cec794633ccf6f7484ac2dd15eee92c0 \
    --hash=sha256:f0eab35f80df8f134aae5d1630e751901321d317cc8e50dc39e36fa3ed34cd12
    # via -r scripts/requirements-tools.txt
wheel==0.48.0 \
    --hash=sha256:3217dcc807155e45db462d7ef2431f5ddda0d7273b700d05a67b271ceb1287ab \
    --hash=sha256:94800765601e9171bf5d58d066e640662842bcedcbab982b2c90787a2c987322
    # via pip-tools

# The following packages are considered to be unsafe in a requirements file:
pip==26.2.1 \
    --hash=sha256:71138adf1f4ca900cdb7d289c21b7494329f2332b6d85f0e1c42108c0384ed3e \
    --hash=sha256:f6ad667e89a1fe78046c8f13232b247200f5258d7828f3f7883d660878e0813f
    # via
    #   -r scripts/requirements-tools.txt
    #   pip-tools
setuptools==84.0.0 \
    --hash=sha256:51a52592b3b99e102b609654876bd65f19f999935166d1352678931132b0c670 \
    --hash=sha256:f4695c21257f0d9b537ec2692c941d02ee143b7cc1276941349a546573b2ef73
    # via pip-tools
